
Microsoft Visual Studio Solution File, Format Version 12.00
# Visual Studio Version 17
VisualStudioVersion = 17.2.32630.192
MinimumVisualStudioVersion = 10.0.40219.1
Project("{FAE04EC0-301F-11D3-BF4B-00C04F79EFBC}") = "FlyWeight", "FlyWeight\FlyWeight.csproj", "{49E6EEEF-E2BC-4ACE-BDBD-AAE84A1A8701}"
EndProject
Global
	GlobalSection(SolutionConfigurationPlatforms) = preSolution
		Debug|Any CPU = Debug|Any CPU
		Release|Any CPU = Release|Any CPU
	EndGlobalSection
	GlobalSection(ProjectConfigurationPlatforms) = postSolution
		{49E6EEEF-E2BC-4ACE-BDBD-AAE84A1A8701}.Debug|Any CPU.ActiveCfg = Debug|Any CPU
		{49E6EEEF-E2BC-4ACE-BDBD-AAE84A1A8701}.Debug|Any CPU.Build.0 = Debug|Any CPU
		{49E6EEEF-E2BC-4ACE-BDBD-AAE84A1A8701}.Release|Any CPU.ActiveCfg = Release|Any CPU
		{49E6EEEF-E2BC-4ACE-BDBD-AAE84A1A8701}.Release|Any CPU.Build.0 = Release|Any CPU
	EndGlobalSection
	GlobalSection(SolutionProperties) = preSolution
		HideSolutionNode = FALSE
	EndGlobalSection
	GlobalSection(ExtensibilityGlobals) = postSolution
		SolutionGuid = {855BBC1C-3A3E-4124-8CF2-9E18A47D95B4}
	EndGlobalSection
EndGlobal
